
Microsoft Visual Studio Solution File, Format Version 12.00
# Visual Studio Version 17
VisualStudioVersion = 17.8.34330.188
MinimumVisualStudioVersion = 10.0.40219.1
Project("{FAE04EC0-301F-11D3-BF4B-00C04F79EFBC}") = "vehicle-rental", "vehicle-rental.csproj", "{2A90C0CD-2907-4CE1-92AE-71FC1511F751}"
EndProject
Global
	GlobalSection(SolutionConfigurationPlatforms) = preSolution
		Debug|Any CPU = Debug|Any CPU
		Release|Any CPU = Release|Any CPU
	EndGlobalSection
	GlobalSection(ProjectConfigurationPlatforms) = postSolution
		{2A90C0CD-2907-4CE1-92AE-71FC1511F751}.Debug|Any CPU.ActiveCfg = Debug|Any CPU
		{2A90C0CD-2907-4CE1-92AE-71FC1511F751}.Debug|Any CPU.Build.0 = Debug|Any CPU
		{2A90C0CD-2907-4CE1-92AE-71FC1511F751}.Release|Any CPU.ActiveCfg = Release|Any CPU
		{2A90C0CD-2907-4CE1-92AE-71FC1511F751}.Release|Any CPU.Build.0 = Release|Any CPU
	EndGlobalSection
	GlobalSection(SolutionProperties) = preSolution
		HideSolutionNode = FALSE
	EndGlobalSection
	GlobalSection(ExtensibilityGlobals) = postSolution
		SolutionGuid = {1CFCFBC2-D7F5-4C4D-9F58-9E71BB4FFDFD}
	EndGlobalSection
EndGlobal
